
Microsoft Visual Studio Solution File, Format Version 12.00
# Visual Studio Version 16
VisualStudioVersion = 16.0.31624.102
MinimumVisualStudioVersion = 10.0.40219.1
Project("{FAE04EC0-301F-11D3-BF4B-00C04F79EFBC}") = "Chess-Game", "Chess-Game\Chess-Game.csproj", "{13066BEA-9F71-47D8-9716-701A2E906501}"
EndProject
Global
	GlobalSection(SolutionConfigurationPlatforms) = preSolution
		Debug|Any CPU = Debug|Any CPU
		Release|Any CPU = Release|Any CPU
	EndGlobalSection
	GlobalSection(ProjectConfigurationPlatforms) = postSolution
		{13066BEA-9F71-47D8-9716-701A2E906501}.Debug|Any CPU.ActiveCfg = Debug|Any CPU
		{13066BEA-9F71-47D8-9716-701A2E906501}.Debug|Any CPU.Build.0 = Debug|Any CPU
		{13066BEA-9F71-47D8-9716-701A2E906501}.Release|Any CPU.ActiveCfg = Release|Any CPU
		{13066BEA-9F71-47D8-9716-701A2E906501}.Release|Any CPU.Build.0 = Release|Any CPU
	EndGlobalSection
	GlobalSection(SolutionProperties) = preSolution
		HideSolutionNode = FALSE
	EndGlobalSection
	GlobalSection(ExtensibilityGlobals) = postSolution
		SolutionGuid = {CCE22F38-4734-4941-A209-6099C5B7D503}
	EndGlobalSection
EndGlobal
